github.com/flywave/go-geoid v0.0.0-20210606093922-a80b15fa80a0 h1:r611qNLxSaet/c40ykqKGxa69AZp14QP1XT5CDwmDBE=
github.com/flywave/go-geoid v0.0.0-20210606093922-a80b15fa80a0/go.mod h1:ndXH2J5+CsynPtyL7oihZtN8rRxJ8kpqqwy2DOa86OQ=
github.com/flywave/go-proj v0.0.0-20210605132706-d05d11f58021 h1:b9ggSlvQhC4PyvdU/GNFc8E9cgtHJMk2EVMkcFgRtzY=
github.com/flywave/go-proj v0.0.0-20210605132706-d05d11f58021/go.mod h1:arlOMgTGugKsD+yFiKdAipbAKOZU/KIpTJwk5jnjNow=
github.com/jszwec/csvutil v1.5.0 h1:ErLnF1Qzzt9svk8CUY7CyLl/W9eET+KWPIZWkE1o6JM=
github.com/jszwec/csvutil v1.5.0/go.mod h1:Rpu7Uu9giO9subDyMCIQfHVDuLrcaC36UA4YcJjGBkg=
github.com/rwcarlsen/goexif v0.0.0-20190401172101-9e8deecbddbd h1:CmH9+J6ZSsIjUK3dcGsnCnO41eRBOnY12zwkn5qVwgc=
github.com/rwcarlsen/goexif v0.0.0-20190401172101-9e8deecbddbd/go.mod h1:hPqNNc0+uJM6H+SuU8sEs5K5IQeKccPqeSjfgcKGgPk=
trimmer.io/go-xmp v0.0.0-20200923092433-f9b6ca6c4a87 h1:E09AnUbsrQCJHswQWo19EX41uvRVtfC2QP8jieCLktA=
trimmer.io/go-xmp v0.0.0-20200923092433-f9b6ca6c4a87/go.mod h1:SMaHrR8/c7YtKZ2zt8r9n93tJjQQOGAagAewi9axCj4=
